
Microsoft Visual Studio Solution File, Format Version 12.00
# Visual Studio Version 16
VisualStudioVersion = 16.0.29613.14
MinimumVisualStudioVersion = 10.0.40219.1
Project("{FAE04EC0-301F-11D3-BF4B-00C04F79EFBC}") = "App2", "App2\App2.csproj", "{F68D4593-58E7-4109-8EFA-B8BC86DC4AD9}"
EndProject
Project("{2150E333-8FDC-42A3-9474-1A3956D46DE8}") = "Solution Items", "Solution Items", "{9B2EF034-0C2A-4933-8EFC-1FA959B9D67E}"
EndProject
Project("{C7167F0D-BC9F-4E6E-AFE1-012C56B48DB5}") = "Installer", "Installer\Installer.wapproj", "{F007D0E7-E2E8-4824-B648-2E7688B55033}"
EndProject
Global
	GlobalSection(SolutionConfigurationPlatforms) = preSolution
		Debug|Any CPU = Debug|Any CPU
		Debug|ARM = Debug|ARM
		Debug|ARM64 = Debug|ARM64
		Debug|x64 = Debug|x64
		Debug|x86 = Debug|x86
		Release|Any CPU = Release|Any CPU
		Release|ARM = Release|ARM
		Release|ARM64 = Release|ARM64
		Release|x64 = Release|x64
		Release|x86 = Release|x86
	EndGlobalSection
	GlobalSection(ProjectConfigurationPlatforms) = postSolution
		{F68D4593-58E7-4109-8EFA-B8BC86DC4AD9}.Debug|Any CPU.ActiveCfg = Debug|x86
		{F68D4593-58E7-4109-8EFA-B8BC86DC4AD9}.Debug|ARM.ActiveCfg = Debug|ARM
		{F68D4593-58E7-4109-8EFA-B8BC86DC4AD9}.Debug|ARM.Build.0 = Debug|ARM
		{F68D4593-58E7-4109-8EFA-B8BC86DC4AD9}.Debug|ARM.Deploy.0 = Debug|ARM
		{F68D4593-58E7-4109-8EFA-B8BC86DC4AD9}.Debug|ARM64.ActiveCfg = Debug|ARM64
		{F68D4593-58E7-4109-8EFA-B8BC86DC4AD9}.Debug|ARM64.Build.0 = Debug|ARM64
		{F68D4593-58E7-4109-8EFA-B8BC86DC4AD9}.Debug|ARM64.Deploy.0 = Debug|ARM64
		{F68D4593-58E7-4109-8EFA-B8BC86DC4AD9}.Debug|x64.ActiveCfg = Debug|x64
		{F68D4593-58E7-4109-8EFA-B8BC86DC4AD9}.Debug|x64.Build.0 = Debug|x64
		{F68D4593-58E7-4109-8EFA-B8BC86DC4AD9}.Debug|x64.Deploy.0 = Debug|x64
		{F68D4593-58E7-4109-8EFA-B8BC86DC4AD9}.Debug|x86.ActiveCfg = Debug|x86
		{F68D4593-58E7-4109-8EFA-B8BC86DC4AD9}.Debug|x86.Build.0 = Debug|x86
		{F68D4593-58E7-4109-8EFA-B8BC86DC4AD9}.Debug|x86.Deploy.0 = Debug|x86
		{F68D4593-58E7-4109-8EFA-B8BC86DC4AD9}.Release|Any CPU.ActiveCfg = Release|x86
		{F68D4593-58E7-4109-8EFA-B8BC86DC4AD9}.Release|ARM.ActiveCfg = Release|ARM
		{F68D4593-58E7-4109-8EFA-B8BC86DC4AD9}.Release|ARM.Build.0 = Release|ARM
		{F68D4593-58E7-4109-8EFA-B8BC86DC4AD9}.Release|ARM.Deploy.0 = Release|ARM
		{F68D4593-58E7-4109-8EFA-B8BC86DC4AD9}.Release|ARM64.ActiveCfg = Release|ARM64
		{F68D4593-58E7-4109-8EFA-B8BC86DC4AD9}.Release|ARM64.Build.0 = Release|ARM64
		{F68D4593-58E7-4109-8EFA-B8BC86DC4AD9}.Release|ARM64.Deploy.0 = Release|ARM64
		{F68D4593-58E7-4109-8EFA-B8BC86DC4AD9}.Release|x64.ActiveCfg = Release|x64
		{F68D4593-58E7-4109-8EFA-B8BC86DC4AD9}.Release|x64.Build.0 = Release|x64
		{F68D4593-58E7-4109-8EFA-B8BC86DC4AD9}.Release|x64.Deploy.0 = Release|x64
		{F68D4593-58E7-4109-8EFA-B8BC86DC4AD9}.Release|x86.ActiveCfg = Release|x86
		{F68D4593-58E7-4109-8EFA-B8BC86DC4AD9}.Release|x86.Build.0 = Release|x86
		{F68D4593-58E7-4109-8EFA-B8BC86DC4AD9}.Release|x86.Deploy.0 = Release|x86
		{F007D0E7-E2E8-4824-B648-2E7688B55033}.Debug|Any CPU.ActiveCfg = Debug|Any CPU
		{F007D0E7-E2E8-4824-B648-2E7688B55033}.Debug|Any CPU.Build.0 = Debug|Any CPU
		{F007D0E7-E2E8-4824-B648-2E7688B55033}.Debug|Any CPU.Deploy.0 = Debug|Any CPU
		{F007D0E7-E2E8-4824-B648-2E7688B55033}.Debug|ARM.ActiveCfg = Debug|ARM
		{F007D0E7-E2E8-4824-B648-2E7688B55033}.Debug|ARM.Build.0 = Debug|ARM
		{F007D0E7-E2E8-4824-B648-2E7688B55033}.Debug|ARM.Deploy.0 = Debug|ARM
		{F007D0E7-E2E8-4824-B648-2E7688B55033}.Debug|ARM64.ActiveCfg = Debug|ARM64
		{F007D0E7-E2E8-4824-B648-2E7688B55033}.Debug|ARM64.Build.0 = Debug|ARM64
		{F007D0E7-E2E8-4824-B648-2E7688B55033}.Debug|ARM64.Deploy.0 = Debug|ARM64
		{F007D0E7-E2E8-4824-B648-2E7688B55033}.Debug|x64.ActiveCfg = Debug|x64
		{F007D0E7-E2E8-4824-B648-2E7688B55033}.Debug|x64.Build.0 = Debug|x64
		{F007D0E7-E2E8-4824-B648-2E7688B55033}.Debug|x64.Deploy.0 = Debug|x64
		{F007D0E7-E2E8-4824-B648-2E7688B55033}.Debug|x86.ActiveCfg = Debug|x86
		{F007D0E7-E2E8-4824-B648-2E7688B55033}.Debug|x86.Build.0 = Debug|x86
		{F007D0E7-E2E8-4824-B648-2E7688B55033}.Debug|x86.Deploy.0 = Debug|x86
		{F007D0E7-E2E8-4824-B648-2E7688B55033}.Release|Any CPU.ActiveCfg = Release|Any CPU
		{F007D0E7-E2E8-4824-B648-2E7688B55033}.Release|Any CPU.Build.0 = Release|Any CPU
		{F007D0E7-E2E8-4824-B648-2E7688B55033}.Release|Any CPU.Deploy.0 = Release|Any CPU
		{F007D0E7-E2E8-4824-B648-2E7688B55033}.Release|ARM.ActiveCfg = Release|ARM
		{F007D0E7-E2E8-4824-B648-2E7688B55033}.Release|ARM.Build.0 = Release|ARM
		{F007D0E7-E2E8-4824-B648-2E7688B55033}.Release|ARM.Deploy.0 = Release|ARM
		{F007D0E7-E2E8-4824-B648-2E7688B55033}.Release|ARM64.ActiveCfg = Release|ARM64
		{F007D0E7-E2E8-4824-B648-2E7688B55033}.Release|ARM64.Build.0 = Release|ARM64
		{F007D0E7-E2E8-4824-B648-2E7688B55033}.Release|ARM64.Deploy.0 = Release|ARM64
		{F007D0E7-E2E8-4824-B648-2E7688B55033}.Release|x64.ActiveCfg = Release|x64
		{F007D0E7-E2E8-4824-B648-2E7688B55033}.Release|x64.Build.0 = Release|x64
		{F007D0E7-E2E8-4824-B648-2E7688B55033}.Release|x64.Deploy.0 = Release|x64
		{F007D0E7-E2E8-4824-B648-2E7688B55033}.Release|x86.ActiveCfg = Release|x86
		{F007D0E7-E2E8-4824-B648-2E7688B55033}.Release|x86.Build.0 = Release|x86
		{F007D0E7-E2E8-4824-B648-2E7688B55033}.Release|x86.Deploy.0 = Release|x86
	EndGlobalSection
	GlobalSection(SolutionProperties) = preSolution
		HideSolutionNode = FALSE
	EndGlobalSection
	GlobalSection(ExtensibilityGlobals) = postSolution
		SolutionGuid = {40C6247B-E754-44A9-B7B9-588F5AF89F31}
	EndGlobalSection
EndGlobal
